// !$*UTF8*$!
{
	archiveVersion = 1;
	classes = {
	};
	objectVersion = 70;
	objects = {

/* Begin PBXBuildFile section */
		0D083CA82C26804100F0EB3B /* RichText in Frameworks */ = {isa = PBXBuildFile; productRef = 0D083CA72C26804100F0EB3B /* RichText */; };
		0D238CDA2C370953007DACF0 /* ShareExtension.appex in Embed Foundation Extensions */ = {isa = PBXBuildFile; fileRef = 0D238CD02C370953007DACF0 /* ShareExtension.appex */; platformFilter = ios; settings = {ATTRIBUTES = (RemoveHeadersOnCopy, ); }; };
		0D55C57F2C23904A002CE99A /* CustomAlert in Frameworks */ = {isa = PBXBuildFile; platformFilter = ios; productRef = 0D55C57E2C23904A002CE99A /* CustomAlert */; };
		0DB09E562E257D1E0066E193 /* NullCodable in Frameworks */ = {isa = PBXBuildFile; productRef = 0DB09E552E257D1E0066E193 /* NullCodable */; };
		0DB09E582E257D260066E193 /* NullCodable in Frameworks */ = {isa = PBXBuildFile; productRef = 0DB09E572E257D260066E193 /* NullCodable */; };
		0DBE60072F94133C0093154C /* AlertToast in Frameworks */ = {isa = PBXBuildFile; productRef = 0DBE60062F94133C0093154C /* AlertToast */; };
		0DBE60092F9413410093154C /* AlertToast in Frameworks */ = {isa = PBXBuildFile; productRef = 0DBE60082F9413410093154C /* AlertToast */; };
/* End PBXBuildFile section */

/* Begin PBXContainerItemProxy section */
		0D238CD82C370953007DACF0 /* PBXContainerItemProxy */ = {
			isa = PBXContainerItemProxy;
			containerPortal = 0D55C4DB2C219E12002CE99A /* Project object */;
			proxyType = 1;
			remoteGlobalIDString = 0D238CCF2C370953007DACF0;
			remoteInfo = ShareExtension;
		};
/* End PBXContainerItemProxy section */

/* Begin PBXCopyFilesBuildPhase section */
		0D238CDE2C370953007DACF0 /* Embed Foundation Extensions */ = {
			isa = PBXCopyFilesBuildPhase;
			buildActionMask = 2147483647;
			dstPath = "";
			dstSubfolderSpec = 13;
			files = (
				0D238CDA2C370953007DACF0 /* ShareExtension.appex in Embed Foundation Extensions */,
			);
			name = "Embed Foundation Extensions";
			runOnlyForDeploymentPostprocessing = 0;
		};
/* End PBXCopyFilesBuildPhase section */

/* Begin PBXFileReference section */
		0D238CD02C370953007DACF0 /* ShareExtension.appex */ = {isa = PBXFileReference; explicitFileType = "wrapper.app-extension"; includeInIndex = 0; path = ShareExtension.appex; sourceTree = BUILT_PRODUCTS_DIR; };
		0D55C4E32C219E13002CE99A /* My Links.app */ = {isa = PBXFileReference; explicitFileType = wrapper.application; includeInIndex = 0; path = "My Links.app"; sourceTree = BUILT_PRODUCTS_DIR; };
		0DBBF2CD2F6B417400547AFC /* README.md */ = {isa = PBXFileReference; lastKnownFileType = net.daringfireball.markdown; path = README.md; sourceTree = "<group>"; };
		0DBBF2CF2F6B4A1900547AFC /* LICENSE.md */ = {isa = PBXFileReference; lastKnownFileType = net.daringfireball.markdown; path = LICENSE.md; sourceTree = "<group>"; };
/* End PBXFileReference section */

/* Begin PBXFileSystemSynchronizedBuildFileExceptionSet section */
		0DF53B852F939D6D00136D5A /* PBXFileSystemSynchronizedBuildFileExceptionSet */ = {
			isa = PBXFileSystemSynchronizedBuildFileExceptionSet;
			membershipExceptions = (
				Info.plist,
			);
			target = 0D238CCF2C370953007DACF0 /* ShareExtension */;
		};
		0DF53D032F939DC700136D5A /* PBXFileSystemSynchronizedBuildFileExceptionSet */ = {
			isa = PBXFileSystemSynchronizedBuildFileExceptionSet;
			membershipExceptions = (
				Info.plist,
				"My Links.storekit",
				PrivacyInfo.xcprivacy,
			);
			platformFiltersByRelativePath = {
				Components/iOS/CollectionItem.swift = (
					ios,
				);
				Components/iOS/DocumentPicker.swift = (
					ios,
				);
				Components/iOS/ImageViewer.swift = (
					ios,
				);
				Components/iOS/LinkDetails.swift = (
					ios,
				);
				Components/iOS/LinkItem.swift = (
					ios,
				);
				Components/iOS/ListRowWithIconEntry.swift = (
					ios,
				);
				Components/iOS/PdfViewer.swift = (
					ios,
				);
				Components/iOS/TagItem.swift = (
					ios,
				);
				Components/iOS/TagsTextField.swift = (
					ios,
				);
				Components/macOS/CollectionItem.swift = (
					macos,
				);
				Components/macOS/LinkDetailsSheet.swift = (
					macos,
				);
				Components/macOS/LinkItem.swift = (
					macos,
				);
				Components/macOS/ListRowWithIconEntry.swift = (
					macos,
				);
				Components/macOS/TagItem.swift = (
					macos,
				);
				Components/macOS/TagsTextField.swift = (
					macos,
				);
				Extensions/UIApplicationExtension.swift = (
					ios,
				);
				MenuBar/AppDelegate.swift = (
					macos,
				);
				MenuBar/Repositories/MenuBarApiClientRepository.swift = (
					macos,
				);
				MenuBar/Repositories/MenuBarRepositoriesContainer.swift = (
					macos,
				);
				MenuBar/StatusBarController.swift = (
					macos,
				);
				MenuBar/ViewModels/MenuBarFormViewModel.swift = (
					macos,
				);
				MenuBar/ViewModels/MenuBarPopoverStateViewModel.swift = (
					macos,
				);
				MenuBar/ViewModels/MenuBarTagsPickerViewModel.swift = (
					macos,
				);
				MenuBar/Views/MenuBarPopoverView.swift = (
					macos,
				);
				MenuBar/Views/MenuBarTagsPickerView.swift = (
					macos,
				);
				Utils/ReviewApp.swift = (
					ios,
				);
				Utils/SafariView.swift = (
					ios,
				);
				ViewModels/DocumentDownloaderViewModel.swift = (
					macos,
				);
				ViewModels/ImageViewerViewModel.swift = (
					ios,
				);
				ViewModels/PdfViewerViewModel.swift = (
					ios,
				);
				ViewModels/SearchViewModel.swift = (
					ios,
				);
				ViewModels/SidebarViewModel.swift = (
					macos,
				);
				Views/iOS/CollectionForm/CollectionFormView.swift = (
					ios,
				);
				Views/iOS/Collections/CollectionsView.swift = (
					ios,
				);
				Views/iOS/ContentViewers/HtmlViewer.swift = (
					ios,
				);
				Views/iOS/ContentViewers/ImageViewerView.swift = (
					ios,
				);
				Views/iOS/ContentViewers/PdfViewerView.swift = (
					ios,
				);
				Views/iOS/Dashboard/DashboardCompactView.swift = (
					ios,
				);
				Views/iOS/Dashboard/DashboardHeader.swift = (
					ios,
				);
				Views/iOS/Dashboard/DashboardRegularView.swift = (
					ios,
				);
				Views/iOS/Dashboard/DashboardView.swift = (
					ios,
				);
				Views/iOS/Dashboard/DashboardViewAllButton.swift = (
					ios,
				);
				Views/iOS/Elements/ElementsView.swift = (
					ios,
				);
				Views/iOS/LinkForm/CollectionsPickerView.swift = (
					ios,
				);
				Views/iOS/LinkForm/LinkFormView.swift = (
					ios,
				);
				Views/iOS/LinkForm/TagsPickerView.swift = (
					ios,
				);
				Views/iOS/Links/LinksFilteredView/LinksFilteredView.swift = (
					ios,
				);
				Views/iOS/Links/LinksView.swift = (
					ios,
				);
				Views/iOS/Onboarding/ConnectionForm.swift = (
					ios,
				);
				Views/iOS/Onboarding/OnboardingView.swift = (
					ios,
				);
				Views/iOS/Onboarding/ServerSelection.swift = (
					ios,
				);
				Views/iOS/Onboarding/TokenInstructions.swift = (
					ios,
				);
				Views/iOS/Onboarding/Welcome.swift = (
					ios,
				);
				Views/iOS/RootView.swift = (
					ios,
				);
				Views/iOS/Search/CollectionsSearchResults.swift = (
					ios,
				);
				Views/iOS/Search/LinksSearchResults.swift = (
					ios,
				);
				Views/iOS/Search/SearchView.swift = (
					ios,
				);
				Views/iOS/Search/TagsSearchResults.swift = (
					ios,
				);
				Views/iOS/Settings/GeneralSettings.swift = (
					ios,
				);
				Views/iOS/Settings/SettingsView.swift = (
					ios,
				);
				Views/iOS/Settings/TipsView.swift = (
					ios,
				);
				Views/iOS/TagForm/TagForm.swift = (
					ios,
				);
				Views/iOS/Tags/TagsView.swift = (
					ios,
				);
				Views/macOS/CollectionForm/CollectionFormView.swift = (
					macos,
				);
				Views/macOS/Collections/CollectionsView.swift = (
					macos,
				);
				Views/macOS/Dashboard/DashboardPinnedLinks.swift = (
					macos,
				);
				Views/macOS/Dashboard/DashboardRecentLinks.swift = (
					macos,
				);
				Views/macOS/Dashboard/DashboardSummaryEntry.swift = (
					macos,
				);
				Views/macOS/Dashboard/DashboardView.swift = (
					macos,
				);
				Views/macOS/FilesViewers/DocumentDownloaderView.swift = (
					macos,
				);
				Views/macOS/FilesViewers/HtmlViewer.swift = (
					macos,
				);
				Views/macOS/LinkForm/LinkFormView.swift = (
					macos,
				);
				Views/macOS/LinkForm/TagsPickerView.swift = (
					macos,
				);
				Views/macOS/Links/LinksFiltered.swift = (
					macos,
				);
				Views/macOS/Links/LinksView.swift = (
					macos,
				);
				Views/macOS/Onboarding/ConnectionForm.swift = (
					macos,
				);
				Views/macOS/Onboarding/TokenInstructions.swift = (
					macos,
				);
				Views/macOS/RootView.swift = (
					macos,
				);
				Views/macOS/Settings/SettingsView.swift = (
					macos,
				);
				Views/macOS/Settings/TipsView.swift = (
					macos,
				);
				Views/macOS/Sidebar.swift = (
					macos,
				);
				Views/macOS/TagForm/TagFormView.swift = (
					macos,
				);
				Views/macOS/Tags/TagsView.swift = (
					macos,
				);
			};
			target = 0D55C4E22C219E13002CE99A /* MyLinks */;
		};
		0DF53D042F939DC700136D5A /* PBXFileSystemSynchronizedBuildFileExceptionSet */ = {
			isa = PBXFileSystemSynchronizedBuildFileExceptionSet;
			membershipExceptions = (
				AppIcon.icon,
				Assets.xcassets,
				Components/iOS/CloseButton.swift,
				Components/iOS/TagsTextField.swift,
				Constants/Config.swift,
				Constants/DeepLinks.swift,
				Constants/Enums.swift,
				Constants/IAPsIds.swift,
				Constants/Regexps.swift,
				Extensions/ViewExtension.swift,
				Localizable.xcstrings,
				Models/CollectionCreationRequest.swift,
				Models/Collections.swift,
				Models/CreateTagResponse.swift,
				Models/Dashboard.swift,
				Models/DeleteTagResponse.swift,
				Models/FileDataResponse.swift,
				Models/LinkCreationRequest.swift,
				Models/LinkEditingRequest.swift,
				Models/Links.swift,
				Models/LinksFilteredRequest.swift,
				Models/ReaderResponse.swift,
				Models/ServerApiInstance.swift,
				Models/SessionToken.swift,
				Models/StatusResponse.swift,
				Models/TagCreationRequest.swift,
				Models/TagsResponse.swift,
				Models/UserDataResponse.swift,
				MyLinks.xcdatamodeld,
				Repositories/ApiClientRepository.swift,
				Repositories/CollectionsRepository.swift,
				Repositories/LinkManagerRepository.swift,
				Repositories/NavigationRepository.swift,
				Repositories/ProgressIndicatorRepository.swift,
				Repositories/RepositoriesContainer.swift,
				Repositories/TagManagerRepository.swift,
				Repositories/ToastRepository.swift,
				Repositories/UserRepository.swift,
				Services/ApiClient/ApiClient.swift,
				Services/ApiClient/CollectionsApiClient.swift,
				Services/ApiClient/DashboardApiClient.swift,
				Services/ApiClient/FilesApiClient.swift,
				Services/ApiClient/LinksApiClient.swift,
				Services/ApiClient/TagsApiClient.swift,
				Services/ApiClient/UserApiClient.swift,
				Services/Persistence.swift,
				Utils/DeviceInfo.swift,
				Utils/JsonEncoder.swift,
				Utils/ServerInstances.swift,
				Utils/ServerUrl.swift,
				Utils/SSLIgnoringDelegate.swift,
				Utils/Tags.swift,
			);
			target = 0D238CCF2C370953007DACF0 /* ShareExtension */;
		};
/* End PBXFileSystemSynchronizedBuildFileExceptionSet section */

/* Begin PBXFileSystemSynchronizedRootGroup section */
		0DF53B7D2F939D6C00136D5A /* ShareExtension */ = {isa = PBXFileSystemSynchronizedRootGroup; exceptions = (0DF53B852F939D6D00136D5A /* PBXFileSystemSynchronizedBuildFileExceptionSet */, ); explicitFileTypes = {}; explicitFolders = (); path = ShareExtension; sourceTree = "<group>"; };
		0DF53C402F939DC600136D5A /* MyLinks */ = {isa = PBXFileSystemSynchronizedRootGroup; exceptions = (0DF53D032F939DC700136D5A /* PBXFileSystemSynchronizedBuildFileExceptionSet */, 0DF53D042F939DC700136D5A /* PBXFileSystemSynchronizedBuildFileExceptionSet */, ); explicitFileTypes = {}; explicitFolders = (); path = MyLinks; sourceTree = "<group>"; };
/* End PBXFileSystemSynchronizedRootGroup section */

/* Begin PBXFrameworksBuildPhase section */
		0D238CCD2C370953007DACF0 /* Frameworks */ = {
			isa = PBXFrameworksBuildPhase;
			buildActionMask = 2147483647;
			files = (
				0DB09E582E257D260066E193 /* NullCodable in Frameworks */,
				0DBE60092F9413410093154C /* AlertToast in Frameworks */,
			);
			runOnlyForDeploymentPostprocessing = 0;
		};
		0D55C4E02C219E13002CE99A /* Frameworks */ = {
			isa = PBXFrameworksBuildPhase;
			buildActionMask = 2147483647;
			files = (
				0D55C57F2C23904A002CE99A /* CustomAlert in Frameworks */,
				0DBE60072F94133C0093154C /* AlertToast in Frameworks */,
				0D083CA82C26804100F0EB3B /* RichText in Frameworks */,
				0DB09E562E257D1E0066E193 /* NullCodable in Frameworks */,
			);
			runOnlyForDeploymentPostprocessing = 0;
		};
/* End PBXFrameworksBuildPhase section */

/* Begin PBXGroup section */
		0D55C4DA2C219E12002CE99A = {
			isa = PBXGroup;
			children = (
				0DBBF2CF2F6B4A1900547AFC /* LICENSE.md */,
				0DBBF2CD2F6B417400547AFC /* README.md */,
				0DF53C402F939DC600136D5A /* MyLinks */,
				0DF53B7D2F939D6C00136D5A /* ShareExtension */,
				0DBE60022F940FD10093154C /* Frameworks */,
				0D55C4E42C219E13002CE99A /* Products */,
			);
			sourceTree = "<group>";
		};
		0D55C4E42C219E13002CE99A /* Products */ = {
			isa = PBXGroup;
			children = (
				0D55C4E32C219E13002CE99A /* My Links.app */,
				0D238CD02C370953007DACF0 /* ShareExtension.appex */,
			);
			name = Products;
			sourceTree = "<group>";
		};
		0DBE60022F940FD10093154C /* Frameworks */ = {
			isa = PBXGroup;
			children = (
			);
			name = Frameworks;
			sourceTree = "<group>";
		};
/* End PBXGroup section */

/* Begin PBXNativeTarget section */
		0D238CCF2C370953007DACF0 /* ShareExtension */ = {
			isa = PBXNativeTarget;
			buildConfigurationList = 0D238CDB2C370953007DACF0 /* Build configuration list for PBXNativeTarget "ShareExtension" */;
			buildPhases = (
				0D238CCC2C370953007DACF0 /* Sources */,
				0D238CCD2C370953007DACF0 /* Frameworks */,
				0D238CCE2C370953007DACF0 /* Resources */,
			);
			buildRules = (
			);
			dependencies = (
			);
			fileSystemSynchronizedGroups = (
				0DF53B7D2F939D6C00136D5A /* ShareExtension */,
			);
			name = ShareExtension;
			productName = ShareExtension;
			productReference = 0D238CD02C370953007DACF0 /* ShareExtension.appex */;
			productType = "com.apple.product-type.app-extension";
		};
		0D55C4E22C219E13002CE99A /* MyLinks */ = {
			isa = PBXNativeTarget;
			buildConfigurationList = 0D55C4F72C219E14002CE99A /* Build configuration list for PBXNativeTarget "MyLinks" */;
			buildPhases = (
				0D55C4DF2C219E13002CE99A /* Sources */,
				0D55C4E02C219E13002CE99A /* Frameworks */,
				0D55C4E12C219E13002CE99A /* Resources */,
				0D238CDE2C370953007DACF0 /* Embed Foundation Extensions */,
			);
			buildRules = (
			);
			dependencies = (
				0D238CD92C370953007DACF0 /* PBXTargetDependency */,
			);
			fileSystemSynchronizedGroups = (
				0DF53C402F939DC600136D5A /* MyLinks */,
			);
			name = MyLinks;
			packageProductDependencies = (
				0D55C57E2C23904A002CE99A /* CustomAlert */,
				0D083CA72C26804100F0EB3B /* RichText */,
				0DB09E552E257D1E0066E193 /* NullCodable */,
				0DBE60062F94133C0093154C /* AlertToast */,
			);
			productName = MyLinks;
			productReference = 0D55C4E32C219E13002CE99A /* My Links.app */;
			productType = "com.apple.product-type.application";
		};
/* End PBXNativeTarget section */

/* Begin PBXProject section */
		0D55C4DB2C219E12002CE99A /* Project object */ = {
			isa = PBXProject;
			attributes = {
				BuildIndependentTargetsInParallel = 1;
				LastSwiftUpdateCheck = 1600;
				LastUpgradeCheck = 2640;
				TargetAttributes = {
					0D238CCF2C370953007DACF0 = {
						CreatedOnToolsVersion = 15.4;
					};
					0D55C4E22C219E13002CE99A = {
						CreatedOnToolsVersion = 15.4;
					};
				};
			};
			buildConfigurationList = 0D55C4DE2C219E12002CE99A /* Build configuration list for PBXProject "MyLinks" */;
			compatibilityVersion = "Xcode 14.0";
			developmentRegion = en;
			hasScannedForEncodings = 0;
			knownRegions = (
				en,
				Base,
				es,
			);
			mainGroup = 0D55C4DA2C219E12002CE99A;
			packageReferences = (
				0D55C57D2C23904A002CE99A /* XCRemoteSwiftPackageReference "CustomAlert" */,
				0D083CA62C26804100F0EB3B /* XCRemoteSwiftPackageReference "RichText" */,
				0DB09E542E257D1E0066E193 /* XCRemoteSwiftPackageReference "NullCodable" */,
				0DBE60052F9413330093154C /* XCRemoteSwiftPackageReference "AlertToast" */,
			);
			productRefGroup = 0D55C4E42C219E13002CE99A /* Products */;
			projectDirPath = "";
			projectRoot = "";
			targets = (
				0D55C4E22C219E13002CE99A /* MyLinks */,
				0D238CCF2C370953007DACF0 /* ShareExtension */,
			);
		};
/* End PBXProject section */

/* Begin PBXResourcesBuildPhase section */
		0D238CCE2C370953007DACF0 /* Resources */ = {
			isa = PBXResourcesBuildPhase;
			buildActionMask = 2147483647;
			files = (
			);
			runOnlyForDeploymentPostprocessing = 0;
		};
		0D55C4E12C219E13002CE99A /* Resources */ = {
			isa = PBXResourcesBuildPhase;
			buildActionMask = 2147483647;
			files = (
			);
			runOnlyForDeploymentPostprocessing = 0;
		};
/* End PBXResourcesBuildPhase section */

/* Begin PBXSourcesBuildPhase section */
		0D238CCC2C370953007DACF0 /* Sources */ = {
			isa = PBXSourcesBuildPhase;
			buildActionMask = 2147483647;
			files = (
			);
			runOnlyForDeploymentPostprocessing = 0;
		};
		0D55C4DF2C219E13002CE99A /* Sources */ = {
			isa = PBXSourcesBuildPhase;
			buildActionMask = 2147483647;
			files = (
			);
			runOnlyForDeploymentPostprocessing = 0;
		};
/* End PBXSourcesBuildPhase section */

/* Begin PBXTargetDependency section */
		0D238CD92C370953007DACF0 /* PBXTargetDependency */ = {
			isa = PBXTargetDependency;
			platformFilter = ios;
			target = 0D238CCF2C370953007DACF0 /* ShareExtension */;
			targetProxy = 0D238CD82C370953007DACF0 /* PBXContainerItemProxy */;
		};
/* End PBXTargetDependency section */

/* Begin XCBuildConfiguration section */
		0D238CDC2C370953007DACF0 /* Debug */ = {
			isa = XCBuildConfiguration;
			buildSettings = {
				CODE_SIGN_ENTITLEMENTS = ShareExtension/ShareExtension.entitlements;
				CODE_SIGN_STYLE = Automatic;
				CURRENT_PROJECT_VERSION = 1;
				GENERATE_INFOPLIST_FILE = YES;
				INFOPLIST_FILE = ShareExtension/Info.plist;
				INFOPLIST_KEY_CFBundleDisplayName = ShareExtension;
				INFOPLIST_KEY_NSHumanReadableCopyright = "";
				IPHONEOS_DEPLOYMENT_TARGET = 17.0;
				LD_RUNPATH_SEARCH_PATHS = (
					"$(inherited)",
					"@executable_path/Frameworks",
					"@executable_path/../../Frameworks",
				);
				MARKETING_VERSION = 1.0.0;
				PRODUCT_BUNDLE_IDENTIFIER = com.jgeek00.MyLinks.ShareExtension;
				PRODUCT_NAME = "$(TARGET_NAME)";
				SDKROOT = iphoneos;
				SKIP_INSTALL = YES;
				SUPPORTED_PLATFORMS = "iphoneos iphonesimulator";
				SUPPORTS_MACCATALYST = NO;
				SUPPORTS_MAC_DESIGNED_FOR_IPHONE_IPAD = NO;
				SUPPORTS_XR_DESIGNED_FOR_IPHONE_IPAD = NO;
				SWIFT_EMIT_LOC_STRINGS = YES;
				SWIFT_VERSION = 5.0;
				TARGETED_DEVICE_FAMILY = "1,2";
			};
			name = Debug;
		};
		0D238CDD2C370953007DACF0 /* Release */ = {
			isa = XCBuildConfiguration;
			buildSettings = {
				CODE_SIGN_ENTITLEMENTS = ShareExtension/ShareExtension.entitlements;
				CODE_SIGN_STYLE = Automatic;
				CURRENT_PROJECT_VERSION = 1;
				GENERATE_INFOPLIST_FILE = YES;
				INFOPLIST_FILE = ShareExtension/Info.plist;
				INFOPLIST_KEY_CFBundleDisplayName = ShareExtension;
				INFOPLIST_KEY_NSHumanReadableCopyright = "";
				IPHONEOS_DEPLOYMENT_TARGET = 17.0;
				LD_RUNPATH_SEARCH_PATHS = (
					"$(inherited)",
					"@executable_path/Frameworks",
					"@executable_path/../../Frameworks",
				);
				MARKETING_VERSION = 1.0.0;
				PRODUCT_BUNDLE_IDENTIFIER = com.jgeek00.MyLinks.ShareExtension;
				PRODUCT_NAME = "$(TARGET_NAME)";
				SDKROOT = iphoneos;
				SKIP_INSTALL = YES;
				SUPPORTED_PLATFORMS = "iphoneos iphonesimulator";
				SUPPORTS_MACCATALYST = NO;
				SUPPORTS_MAC_DESIGNED_FOR_IPHONE_IPAD = NO;
				SUPPORTS_XR_DESIGNED_FOR_IPHONE_IPAD = NO;
				SWIFT_EMIT_LOC_STRINGS = YES;
				SWIFT_VERSION = 5.0;
				TARGETED_DEVICE_FAMILY = "1,2";
				VALIDATE_PRODUCT = YES;
			};
			name = Release;
		};
		0D55C4F52C219E14002CE99A /* Debug */ = {
			isa = XCBuildConfiguration;
			buildSettings = {
				ALWAYS_SEARCH_USER_PATHS = NO;
				ASSETCATALOG_COMPILER_GENERATE_SWIFT_ASSET_SYMBOL_EXTENSIONS = YES;
				CLANG_ANALYZER_LOCALIZABILITY_NONLOCALIZED = YES;
				CLANG_ANALYZER_NONNULL = YES;
				CLANG_ANALYZER_NUMBER_OBJECT_CONVERSION = YES_AGGRESSIVE;
				CLANG_CXX_LANGUAGE_STANDARD = "gnu++20";
				CLANG_ENABLE_MODULES = YES;
				CLANG_ENABLE_OBJC_ARC = YES;
				CLANG_ENABLE_OBJC_WEAK = YES;
				CLANG_WARN_BLOCK_CAPTURE_AUTORELEASING = YES;
				CLANG_WARN_BOOL_CONVERSION = YES;
				CLANG_WARN_COMMA = YES;
				CLANG_WARN_CONSTANT_CONVERSION = YES;
				CLANG_WARN_DEPRECATED_OBJC_IMPLEMENTATIONS = YES;
				CLANG_WARN_DIRECT_OBJC_ISA_USAGE = YES_ERROR;
				CLANG_WARN_DOCUMENTATION_COMMENTS = YES;
				CLANG_WARN_EMPTY_BODY = YES;
				CLANG_WARN_ENUM_CONVERSION = YES;
				CLANG_WARN_INFINITE_RECURSION = YES;
				CLANG_WARN_INT_CONVERSION = YES;
				CLANG_WARN_NON_LITERAL_NULL_CONVERSION = YES;
				CLANG_WARN_OBJC_IMPLICIT_RETAIN_SELF = YES;
				CLANG_WARN_OBJC_LITERAL_CONVERSION = YES;
				CLANG_WARN_OBJC_ROOT_CLASS = YES_ERROR;
				CLANG_WARN_QUOTED_INCLUDE_IN_FRAMEWORK_HEADER = YES;
				CLANG_WARN_RANGE_LOOP_ANALYSIS = YES;
				CLANG_WARN_STRICT_PROTOTYPES = YES;
				CLANG_WARN_SUSPICIOUS_MOVE = YES;
				CLANG_WARN_UNGUARDED_AVAILABILITY = YES_AGGRESSIVE;
				CLANG_WARN_UNREACHABLE_CODE = YES;
				CLANG_WARN__DUPLICATE_METHOD_MATCH = YES;
				COPY_PHASE_STRIP = NO;
				DEAD_CODE_STRIPPING = YES;
				DEBUG_INFORMATION_FORMAT = dwarf;
				DEVELOPMENT_TEAM = 38Z3B9TJTR;
				ENABLE_STRICT_OBJC_MSGSEND = YES;
				ENABLE_TESTABILITY = YES;
				ENABLE_USER_SCRIPT_SANDBOXING = YES;
				GCC_C_LANGUAGE_STANDARD = gnu17;
				GCC_DYNAMIC_NO_PIC = NO;
				GCC_NO_COMMON_BLOCKS = YES;
				GCC_OPTIMIZATION_LEVEL = 0;
				GCC_PREPROCESSOR_DEFINITIONS = (
					"DEBUG=1",
					"$(inherited)",
				);
				GCC_WARN_64_TO_32_BIT_CONVERSION = YES;
				GCC_WARN_ABOUT_RETURN_TYPE = YES_ERROR;
				GCC_WARN_UNDECLARED_SELECTOR = YES;
				GCC_WARN_UNINITIALIZED_AUTOS = YES_AGGRESSIVE;
				GCC_WARN_UNUSED_FUNCTION = YES;
				GCC_WARN_UNUSED_VARIABLE = YES;
				LOCALIZATION_PREFERS_STRING_CATALOGS = YES;
				MTL_ENABLE_DEBUG_INFO = INCLUDE_SOURCE;
				MTL_FAST_MATH = YES;
				ONLY_ACTIVE_ARCH = YES;
				STRING_CATALOG_GENERATE_SYMBOLS = YES;
				SWIFT_ACTIVE_COMPILATION_CONDITIONS = "DEBUG $(inherited)";
				SWIFT_OPTIMIZATION_LEVEL = "-Onone";
				SWIFT_VERSION = 6.0;
			};
			name = Debug;
		};
		0D55C4F62C219E14002CE99A /* Release */ = {
			isa = XCBuildConfiguration;
			buildSettings = {
				ALWAYS_SEARCH_USER_PATHS = NO;
				ASSETCATALOG_COMPILER_GENERATE_SWIFT_ASSET_SYMBOL_EXTENSIONS = YES;
				CLANG_ANALYZER_LOCALIZABILITY_NONLOCALIZED = YES;
				CLANG_ANALYZER_NONNULL = YES;
				CLANG_ANALYZER_NUMBER_OBJECT_CONVERSION = YES_AGGRESSIVE;
				CLANG_CXX_LANGUAGE_STANDARD = "gnu++20";
				CLANG_ENABLE_MODULES = YES;
				CLANG_ENABLE_OBJC_ARC = YES;
				CLANG_ENABLE_OBJC_WEAK = YES;
				CLANG_WARN_BLOCK_CAPTURE_AUTORELEASING = YES;
				CLANG_WARN_BOOL_CONVERSION = YES;
				CLANG_WARN_COMMA = YES;
				CLANG_WARN_CONSTANT_CONVERSION = YES;
				CLANG_WARN_DEPRECATED_OBJC_IMPLEMENTATIONS = YES;
				CLANG_WARN_DIRECT_OBJC_ISA_USAGE = YES_ERROR;
				CLANG_WARN_DOCUMENTATION_COMMENTS = YES;
				CLANG_WARN_EMPTY_BODY = YES;
				CLANG_WARN_ENUM_CONVERSION = YES;
				CLANG_WARN_INFINITE_RECURSION = YES;
				CLANG_WARN_INT_CONVERSION = YES;
				CLANG_WARN_NON_LITERAL_NULL_CONVERSION = YES;
				CLANG_WARN_OBJC_IMPLICIT_RETAIN_SELF = YES;
				CLANG_WARN_OBJC_LITERAL_CONVERSION = YES;
				CLANG_WARN_OBJC_ROOT_CLASS = YES_ERROR;
				CLANG_WARN_QUOTED_INCLUDE_IN_FRAMEWORK_HEADER = YES;
				CLANG_WARN_RANGE_LOOP_ANALYSIS = YES;
				CLANG_WARN_STRICT_PROTOTYPES = YES;
				CLANG_WARN_SUSPICIOUS_MOVE = YES;
				CLANG_WARN_UNGUARDED_AVAILABILITY = YES_AGGRESSIVE;
				CLANG_WARN_UNREACHABLE_CODE = YES;
				CLANG_WARN__DUPLICATE_METHOD_MATCH = YES;
				COPY_PHASE_STRIP = NO;
				DEAD_CODE_STRIPPING = YES;
				DEBUG_INFORMATION_FORMAT = "dwarf-with-dsym";
				DEVELOPMENT_TEAM = 38Z3B9TJTR;
				ENABLE_NS_ASSERTIONS = NO;
				ENABLE_STRICT_OBJC_MSGSEND = YES;
				ENABLE_USER_SCRIPT_SANDBOXING = YES;
				GCC_C_LANGUAGE_STANDARD = gnu17;
				GCC_NO_COMMON_BLOCKS = YES;
				GCC_WARN_64_TO_32_BIT_CONVERSION = YES;
				GCC_WARN_ABOUT_RETURN_TYPE = YES_ERROR;
				GCC_WARN_UNDECLARED_SELECTOR = YES;
				GCC_WARN_UNINITIALIZED_AUTOS = YES_AGGRESSIVE;
				GCC_WARN_UNUSED_FUNCTION = YES;
				GCC_WARN_UNUSED_VARIABLE = YES;
				LOCALIZATION_PREFERS_STRING_CATALOGS = YES;
				MTL_ENABLE_DEBUG_INFO = NO;
				MTL_FAST_MATH = YES;
				STRING_CATALOG_GENERATE_SYMBOLS = YES;
				SWIFT_COMPILATION_MODE = wholemodule;
				SWIFT_VERSION = 6.0;
			};
			name = Release;
		};
		0D55C4F82C219E14002CE99A /* Debug */ = {
			isa = XCBuildConfiguration;
			buildSettings = {
				ASSETCATALOG_COMPILER_APPICON_NAME = AppIcon;
				ASSETCATALOG_COMPILER_GLOBAL_ACCENT_COLOR_NAME = AccentColor;
				ASSETCATALOG_COMPILER_INCLUDE_ALL_APPICON_ASSETS = YES;
				CODE_SIGN_ENTITLEMENTS = MyLinks/MyLinks.entitlements;
				CODE_SIGN_STYLE = Automatic;
				CURRENT_PROJECT_VERSION = 49;
				DEAD_CODE_STRIPPING = YES;
				ENABLE_HARDENED_RUNTIME = YES;
				ENABLE_PREVIEWS = YES;
				GENERATE_INFOPLIST_FILE = YES;
				INFOPLIST_FILE = MyLinks/Info.plist;
				INFOPLIST_KEY_CFBundleDisplayName = "My Links";
				INFOPLIST_KEY_LSApplicationCategoryType = "public.app-category.utilities";
				"INFOPLIST_KEY_UIApplicationSceneManifest_Generation[sdk=iphoneos*]" = YES;
				"INFOPLIST_KEY_UIApplicationSceneManifest_Generation[sdk=iphonesimulator*]" = YES;
				"INFOPLIST_KEY_UIApplicationSupportsIndirectInputEvents[sdk=iphoneos*]" = YES;
				"INFOPLIST_KEY_UIApplicationSupportsIndirectInputEvents[sdk=iphonesimulator*]" = YES;
				"INFOPLIST_KEY_UILaunchScreen_Generation[sdk=iphoneos*]" = YES;
				"INFOPLIST_KEY_UILaunchScreen_Generation[sdk=iphonesimulator*]" = YES;
				"INFOPLIST_KEY_UIStatusBarStyle[sdk=iphoneos*]" = UIStatusBarStyleDefault;
				"INFOPLIST_KEY_UIStatusBarStyle[sdk=iphonesimulator*]" = UIStatusBarStyleDefault;
				INFOPLIST_KEY_UISupportedInterfaceOrientations_iPad = "UIInterfaceOrientationPortrait UIInterfaceOrientationPortraitUpsideDown UIInterfaceOrientationLandscapeLeft UIInterfaceOrientationLandscapeRight";
				INFOPLIST_KEY_UISupportedInterfaceOrientations_iPhone = "UIInterfaceOrientationPortrait UIInterfaceOrientationLandscapeLeft UIInterfaceOrientationLandscapeRight";
				IPHONEOS_DEPLOYMENT_TARGET = 17.0;
				LD_RUNPATH_SEARCH_PATHS = "@executable_path/Frameworks";
				"LD_RUNPATH_SEARCH_PATHS[sdk=macosx*]" = "@executable_path/../Frameworks";
				MACOSX_DEPLOYMENT_TARGET = 14.0;
				MARKETING_VERSION = 2.4.0;
				PRODUCT_BUNDLE_IDENTIFIER = com.jgeek00.MyLinks;
				PRODUCT_NAME = "My Links";
				REGISTER_APP_GROUPS = YES;
				SDKROOT = auto;
				SUPPORTED_PLATFORMS = "iphoneos iphonesimulator macosx";
				SWIFT_EMIT_LOC_STRINGS = YES;
				SWIFT_VERSION = 6.0;
				TARGETED_DEVICE_FAMILY = "1,2";
			};
			name = Debug;
		};
		0D55C4F92C219E14002CE99A /* Release */ = {
			isa = XCBuildConfiguration;
			buildSettings = {
				ASSETCATALOG_COMPILER_APPICON_NAME = AppIcon;
				ASSETCATALOG_COMPILER_GLOBAL_ACCENT_COLOR_NAME = AccentColor;
				ASSETCATALOG_COMPILER_INCLUDE_ALL_APPICON_ASSETS = YES;
				CODE_SIGN_ENTITLEMENTS = MyLinks/MyLinks.entitlements;
				CODE_SIGN_STYLE = Automatic;
				CURRENT_PROJECT_VERSION = 49;
				DEAD_CODE_STRIPPING = YES;
				ENABLE_HARDENED_RUNTIME = YES;
				ENABLE_PREVIEWS = YES;
				GENERATE_INFOPLIST_FILE = YES;
				INFOPLIST_FILE = MyLinks/Info.plist;
				INFOPLIST_KEY_CFBundleDisplayName = "My Links";
				INFOPLIST_KEY_LSApplicationCategoryType = "public.app-category.utilities";
				"INFOPLIST_KEY_UIApplicationSceneManifest_Generation[sdk=iphoneos*]" = YES;
				"INFOPLIST_KEY_UIApplicationSceneManifest_Generation[sdk=iphonesimulator*]" = YES;
				"INFOPLIST_KEY_UIApplicationSupportsIndirectInputEvents[sdk=iphoneos*]" = YES;
				"INFOPLIST_KEY_UIApplicationSupportsIndirectInputEvents[sdk=iphonesimulator*]" = YES;
				"INFOPLIST_KEY_UILaunchScreen_Generation[sdk=iphoneos*]" = YES;
				"INFOPLIST_KEY_UILaunchScreen_Generation[sdk=iphonesimulator*]" = YES;
				"INFOPLIST_KEY_UIStatusBarStyle[sdk=iphoneos*]" = UIStatusBarStyleDefault;
				"INFOPLIST_KEY_UIStatusBarStyle[sdk=iphonesimulator*]" = UIStatusBarStyleDefault;
				INFOPLIST_KEY_UISupportedInterfaceOrientations_iPad = "UIInterfaceOrientationPortrait UIInterfaceOrientationPortraitUpsideDown UIInterfaceOrientationLandscapeLeft UIInterfaceOrientationLandscapeRight";
				INFOPLIST_KEY_UISupportedInterfaceOrientations_iPhone = "UIInterfaceOrientationPortrait UIInterfaceOrientationLandscapeLeft UIInterfaceOrientationLandscapeRight";
				IPHONEOS_DEPLOYMENT_TARGET = 17.0;
				LD_RUNPATH_SEARCH_PATHS = "@executable_path/Frameworks";
				"LD_RUNPATH_SEARCH_PATHS[sdk=macosx*]" = "@executable_path/../Frameworks";
				MACOSX_DEPLOYMENT_TARGET = 14.0;
				MARKETING_VERSION = 2.4.0;
				PRODUCT_BUNDLE_IDENTIFIER = com.jgeek00.MyLinks;
				PRODUCT_NAME = "My Links";
				REGISTER_APP_GROUPS = YES;
				SDKROOT = auto;
				SUPPORTED_PLATFORMS = "iphoneos iphonesimulator macosx";
				SWIFT_ACTIVE_COMPILATION_CONDITIONS = RELEASE;
				SWIFT_EMIT_LOC_STRINGS = YES;
				SWIFT_VERSION = 6.0;
				TARGETED_DEVICE_FAMILY = "1,2";
			};
			name = Release;
		};
/* End XCBuildConfiguration section */

/* Begin XCConfigurationList section */
		0D238CDB2C370953007DACF0 /* Build configuration list for PBXNativeTarget "ShareExtension" */ = {
			isa = XCConfigurationList;
			buildConfigurations = (
				0D238CDC2C370953007DACF0 /* Debug */,
				0D238CDD2C370953007DACF0 /* Release */,
			);
			defaultConfigurationIsVisible = 0;
			defaultConfigurationName = Release;
		};
		0D55C4DE2C219E12002CE99A /* Build configuration list for PBXProject "MyLinks" */ = {
			isa = XCConfigurationList;
			buildConfigurations = (
				0D55C4F52C219E14002CE99A /* Debug */,
				0D55C4F62C219E14002CE99A /* Release */,
			);
			defaultConfigurationIsVisible = 0;
			defaultConfigurationName = Release;
		};
		0D55C4F72C219E14002CE99A /* Build configuration list for PBXNativeTarget "MyLinks" */ = {
			isa = XCConfigurationList;
			buildConfigurations = (
				0D55C4F82C219E14002CE99A /* Debug */,
				0D55C4F92C219E14002CE99A /* Release */,
			);
			defaultConfigurationIsVisible = 0;
			defaultConfigurationName = Release;
		};
/* End XCConfigurationList section */

/* Begin XCRemoteSwiftPackageReference section */
		0D083CA62C26804100F0EB3B /* XCRemoteSwiftPackageReference "RichText" */ = {
			isa = XCRemoteSwiftPackageReference;
			repositoryURL = "https://github.com/NuPlay/RichText.git";
			requirement = {
				kind = upToNextMajorVersion;
				minimumVersion = 2.4.1;
			};
		};
		0D55C57D2C23904A002CE99A /* XCRemoteSwiftPackageReference "CustomAlert" */ = {
			isa = XCRemoteSwiftPackageReference;
			repositoryURL = "https://github.com/divadretlaw/CustomAlert.git";
			requirement = {
				kind = upToNextMajorVersion;
				minimumVersion = 3.6.1;
			};
		};
		0DB09E542E257D1E0066E193 /* XCRemoteSwiftPackageReference "NullCodable" */ = {
			isa = XCRemoteSwiftPackageReference;
			repositoryURL = "https://github.com/g-mark/NullCodable.git";
			requirement = {
				kind = upToNextMajorVersion;
				minimumVersion = 1.1.0;
			};
		};
		0DBE60052F9413330093154C /* XCRemoteSwiftPackageReference "AlertToast" */ = {
			isa = XCRemoteSwiftPackageReference;
			repositoryURL = "https://github.com/elai950/AlertToast.git";
			requirement = {
				kind = upToNextMajorVersion;
				minimumVersion = 1.3.9;
			};
		};
/* End XCRemoteSwiftPackageReference section */

/* Begin XCSwiftPackageProductDependency section */
		0D083CA72C26804100F0EB3B /* RichText */ = {
			isa = XCSwiftPackageProductDependency;
			package = 0D083CA62C26804100F0EB3B /* XCRemoteSwiftPackageReference "RichText" */;
			productName = RichText;
		};
		0D55C57E2C23904A002CE99A /* CustomAlert */ = {
			isa = XCSwiftPackageProductDependency;
			package = 0D55C57D2C23904A002CE99A /* XCRemoteSwiftPackageReference "CustomAlert" */;
			productName = CustomAlert;
		};
		0DB09E552E257D1E0066E193 /* NullCodable */ = {
			isa = XCSwiftPackageProductDependency;
			package = 0DB09E542E257D1E0066E193 /* XCRemoteSwiftPackageReference "NullCodable" */;
			productName = NullCodable;
		};
		0DB09E572E257D260066E193 /* NullCodable */ = {
			isa = XCSwiftPackageProductDependency;
			package = 0DB09E542E257D1E0066E193 /* XCRemoteSwiftPackageReference "NullCodable" */;
			productName = NullCodable;
		};
		0DBE60062F94133C0093154C /* AlertToast */ = {
			isa = XCSwiftPackageProductDependency;
			package = 0DBE60052F9413330093154C /* XCRemoteSwiftPackageReference "AlertToast" */;
			productName = AlertToast;
		};
		0DBE60082F9413410093154C /* AlertToast */ = {
			isa = XCSwiftPackageProductDependency;
			package = 0DBE60052F9413330093154C /* XCRemoteSwiftPackageReference "AlertToast" */;
			productName = AlertToast;
		};
/* End XCSwiftPackageProductDependency section */
	};
	rootObject = 0D55C4DB2C219E12002CE99A /* Project object */;
}
